# THIS IS AN AUTOGENERATED FILE. DO NOT EDIT THIS FILE DIRECTLY.
# yarn lockfile v1


ohm-js@^17.0.3:
  version "17.0.3"
  resolved "https://registry.yarnpkg.com/ohm-js/-/ohm-js-17.0.3.tgz#5dc330f3e63794caad8f7a44ddb6fabdc7997d54"
  integrity sha512-HMWTBJsmCEc9C18i9FveXkwYQJlwrdVCMiIk/FwGQrNejPFTfxZPwMMJXB0ssXx7bXL/EbY0oZCumk0w15OMZg==
